
Microsoft Visual Studio Solution File, Format Version 12.00
# Visual Studio Version 16
VisualStudioVersion = 16.0.30114.105
MinimumVisualStudioVersion = 10.0.40219.1
Project("{2150E333-8FDC-42A3-9474-1A3956D46DE8}") = "_", "_", "{899900EE-0BDA-4AB9-9BD6-F172ACB7B167}"
	ProjectSection(SolutionItems) = preProject
		.gitignore = .gitignore
		LICENSE.md = LICENSE.md
		NuGet.config = NuGet.config
	EndProjectSection
EndProject
Project("{2150E333-8FDC-42A3-9474-1A3956D46DE8}") = "src", "src", "{41D864B3-1147-4E15-833C-D1092B136E31}"
EndProject
Project("{9A19103F-16F7-4668-BE54-9A1E7A4F7556}") = "PampaDevs.Utils", "src\PampaDevs.Utils\PampaDevs.Utils.csproj", "{FB8A5DC0-BB13-416C-AD7F-56A09C2438DE}"
EndProject
Project("{9A19103F-16F7-4668-BE54-9A1E7A4F7556}") = "PampaDevs.BuildingBlocks", "src\PampaDevs.BuildingBlocks\PampaDevs.BuildingBlocks.csproj", "{6BB5D418-B6F2-42DB-B306-E39F21F0BEEB}"
EndProject
Project("{2150E333-8FDC-42A3-9474-1A3956D46DE8}") = "BuldingBlocks", "BuldingBlocks", "{5846C537-1C68-4FAF-82F0-A755AD00160E}"
EndProject
Project("{2150E333-8FDC-42A3-9474-1A3956D46DE8}") = "Utils", "Utils", "{4AA3598F-E872-4884-ACD5-11BE7C1D486C}"
EndProject
Project("{2150E333-8FDC-42A3-9474-1A3956D46DE8}") = "Tests", "Tests", "{A49AFB46-EAD4-4BFE-8D9F-62EF66AEDE4B}"
EndProject
Project("{9A19103F-16F7-4668-BE54-9A1E7A4F7556}") = "PampaDevs.Utils.Tests", "tests\PampaDevs.Utils.Tests\PampaDevs.Utils.Tests.csproj", "{7EA72026-A246-47AB-9273-D2D4385E7FDD}"
EndProject
Project("{2150E333-8FDC-42A3-9474-1A3956D46DE8}") = "Tests", "Tests", "{7ED356BB-92CA-4256-8C51-E83FBF4D5AA6}"
EndProject
Project("{9A19103F-16F7-4668-BE54-9A1E7A4F7556}") = "PampaDevs.BuildingBlocks.Tests", "tests\PampaDevs.BuildingBlocks.Tests\PampaDevs.BuildingBlocks.Tests.csproj", "{F8303EBE-C813-4AA2-A3D3-35026C6ED301}"
EndProject
Project("{9A19103F-16F7-4668-BE54-9A1E7A4F7556}") = "PampaDevs.BuildingBlocks.Security.Jwt", "src\PampaDevs.BuildingBlocks.Security.Jwt\PampaDevs.BuildingBlocks.Security.Jwt.csproj", "{FBF5F00E-872D-4F00-BFAF-E8C1ACF2B3B8}"
EndProject
Project("{9A19103F-16F7-4668-BE54-9A1E7A4F7556}") = "PampaDevs.BuildingBlocks.Data.EntityFramework", "src\PampaDevs.BuildingBlocks.Data.EntityFramework\PampaDevs.BuildingBlocks.Data.EntityFramework.csproj", "{9DFF4C19-0012-4977-8F44-CAD4783A9713}"
EndProject
Project("{2150E333-8FDC-42A3-9474-1A3956D46DE8}") = "samples", "samples", "{477D96D1-54C4-40D8-ABA0-B0D87A710F49}"
EndProject
Project("{2150E333-8FDC-42A3-9474-1A3956D46DE8}") = "WebStore", "WebStore", "{9BD5600F-81C2-46B8-8850-5554EB62FE28}"
EndProject
Project("{2150E333-8FDC-42A3-9474-1A3956D46DE8}") = "ProductCatalogService", "ProductCatalogService", "{3CA1FACB-7E41-4786-9799-08D69B4D3210}"
EndProject
Project("{9A19103F-16F7-4668-BE54-9A1E7A4F7556}") = "WebStore.ProductCatalog.Domain", "samples\WebStore.ProductCatalog.Domain\WebStore.ProductCatalog.Domain.csproj", "{C114161B-1C3B-4886-96F2-4C4811E5EFC5}"
EndProject
Project("{FAE04EC0-301F-11D3-BF4B-00C04F79EFBC}") = "WebStore.ProductCatalog.Api", "samples\WebStore.ProductCatalog.Api\WebStore.ProductCatalog.Api.csproj", "{4800A5AE-F16C-4F5D-9054-7CEFC9D802EF}"
EndProject
Project("{9A19103F-16F7-4668-BE54-9A1E7A4F7556}") = "PampaDevs.BuildingBlocks.Bus", "src\PampaDevs.BuildingBlocks.Bus\PampaDevs.BuildingBlocks.Bus.csproj", "{463FC94B-B7AF-4D5A-AD8C-2976B1AF02E0}"
EndProject
Global
	GlobalSection(SolutionConfigurationPlatforms) = preSolution
		Debug|Any CPU = Debug|Any CPU
		Release|Any CPU = Release|Any CPU
	EndGlobalSection
	GlobalSection(ProjectConfigurationPlatforms) = postSolution
		{FB8A5DC0-BB13-416C-AD7F-56A09C2438DE}.Debug|Any CPU.ActiveCfg = Debug|Any CPU
		{FB8A5DC0-BB13-416C-AD7F-56A09C2438DE}.Debug|Any CPU.Build.0 = Debug|Any CPU
		{FB8A5DC0-BB13-416C-AD7F-56A09C2438DE}.Release|Any CPU.ActiveCfg = Release|Any CPU
		{FB8A5DC0-BB13-416C-AD7F-56A09C2438DE}.Release|Any CPU.Build.0 = Release|Any CPU
		{6BB5D418-B6F2-42DB-B306-E39F21F0BEEB}.Debug|Any CPU.ActiveCfg = Debug|Any CPU
		{6BB5D418-B6F2-42DB-B306-E39F21F0BEEB}.Debug|Any CPU.Build.0 = Debug|Any CPU
		{6BB5D418-B6F2-42DB-B306-E39F21F0BEEB}.Release|Any CPU.ActiveCfg = Release|Any CPU
		{6BB5D418-B6F2-42DB-B306-E39F21F0BEEB}.Release|Any CPU.Build.0 = Release|Any CPU
		{7EA72026-A246-47AB-9273-D2D4385E7FDD}.Debug|Any CPU.ActiveCfg = Debug|Any CPU
		{7EA72026-A246-47AB-9273-D2D4385E7FDD}.Debug|Any CPU.Build.0 = Debug|Any CPU
		{7EA72026-A246-47AB-9273-D2D4385E7FDD}.Release|Any CPU.ActiveCfg = Release|Any CPU
		{7EA72026-A246-47AB-9273-D2D4385E7FDD}.Release|Any CPU.Build.0 = Release|Any CPU
		{F8303EBE-C813-4AA2-A3D3-35026C6ED301}.Debug|Any CPU.ActiveCfg = Debug|Any CPU
		{F8303EBE-C813-4AA2-A3D3-35026C6ED301}.Debug|Any CPU.Build.0 = Debug|Any CPU
		{F8303EBE-C813-4AA2-A3D3-35026C6ED301}.Release|Any CPU.ActiveCfg = Release|Any CPU
		{F8303EBE-C813-4AA2-A3D3-35026C6ED301}.Release|Any CPU.Build.0 = Release|Any CPU
		{FBF5F00E-872D-4F00-BFAF-E8C1ACF2B3B8}.Debug|Any CPU.ActiveCfg = Debug|Any CPU
		{FBF5F00E-872D-4F00-BFAF-E8C1ACF2B3B8}.Debug|Any CPU.Build.0 = Debug|Any CPU
		{FBF5F00E-872D-4F00-BFAF-E8C1ACF2B3B8}.Release|Any CPU.ActiveCfg = Release|Any CPU
		{FBF5F00E-872D-4F00-BFAF-E8C1ACF2B3B8}.Release|Any CPU.Build.0 = Release|Any CPU
		{9DFF4C19-0012-4977-8F44-CAD4783A9713}.Debug|Any CPU.ActiveCfg = Debug|Any CPU
		{9DFF4C19-0012-4977-8F44-CAD4783A9713}.Debug|Any CPU.Build.0 = Debug|Any CPU
		{9DFF4C19-0012-4977-8F44-CAD4783A9713}.Release|Any CPU.ActiveCfg = Release|Any CPU
		{9DFF4C19-0012-4977-8F44-CAD4783A9713}.Release|Any CPU.Build.0 = Release|Any CPU
		{C114161B-1C3B-4886-96F2-4C4811E5EFC5}.Debug|Any CPU.ActiveCfg = Debug|Any CPU
		{C114161B-1C3B-4886-96F2-4C4811E5EFC5}.Debug|Any CPU.Build.0 = Debug|Any CPU
		{C114161B-1C3B-4886-96F2-4C4811E5EFC5}.Release|Any CPU.ActiveCfg = Release|Any CPU
		{C114161B-1C3B-4886-96F2-4C4811E5EFC5}.Release|Any CPU.Build.0 = Release|Any CPU
		{4800A5AE-F16C-4F5D-9054-7CEFC9D802EF}.Debug|Any CPU.ActiveCfg = Debug|Any CPU
		{4800A5AE-F16C-4F5D-9054-7CEFC9D802EF}.Debug|Any CPU.Build.0 = Debug|Any CPU
		{4800A5AE-F16C-4F5D-9054-7CEFC9D802EF}.Release|Any CPU.ActiveCfg = Release|Any CPU
		{4800A5AE-F16C-4F5D-9054-7CEFC9D802EF}.Release|Any CPU.Build.0 = Release|Any CPU
		{463FC94B-B7AF-4D5A-AD8C-2976B1AF02E0}.Debug|Any CPU.ActiveCfg = Debug|Any CPU
		{463FC94B-B7AF-4D5A-AD8C-2976B1AF02E0}.Debug|Any CPU.Build.0 = Debug|Any CPU
		{463FC94B-B7AF-4D5A-AD8C-2976B1AF02E0}.Release|Any CPU.ActiveCfg = Release|Any CPU
		{463FC94B-B7AF-4D5A-AD8C-2976B1AF02E0}.Release|Any CPU.Build.0 = Release|Any CPU
	EndGlobalSection
	GlobalSection(SolutionProperties) = preSolution
		HideSolutionNode = FALSE
	EndGlobalSection
	GlobalSection(NestedProjects) = preSolution
		{FB8A5DC0-BB13-416C-AD7F-56A09C2438DE} = {4AA3598F-E872-4884-ACD5-11BE7C1D486C}
		{6BB5D418-B6F2-42DB-B306-E39F21F0BEEB} = {5846C537-1C68-4FAF-82F0-A755AD00160E}
		{5846C537-1C68-4FAF-82F0-A755AD00160E} = {41D864B3-1147-4E15-833C-D1092B136E31}
		{4AA3598F-E872-4884-ACD5-11BE7C1D486C} = {41D864B3-1147-4E15-833C-D1092B136E31}
		{A49AFB46-EAD4-4BFE-8D9F-62EF66AEDE4B} = {4AA3598F-E872-4884-ACD5-11BE7C1D486C}
		{7EA72026-A246-47AB-9273-D2D4385E7FDD} = {A49AFB46-EAD4-4BFE-8D9F-62EF66AEDE4B}
		{7ED356BB-92CA-4256-8C51-E83FBF4D5AA6} = {5846C537-1C68-4FAF-82F0-A755AD00160E}
		{F8303EBE-C813-4AA2-A3D3-35026C6ED301} = {7ED356BB-92CA-4256-8C51-E83FBF4D5AA6}
		{FBF5F00E-872D-4F00-BFAF-E8C1ACF2B3B8} = {5846C537-1C68-4FAF-82F0-A755AD00160E}
		{9DFF4C19-0012-4977-8F44-CAD4783A9713} = {5846C537-1C68-4FAF-82F0-A755AD00160E}
		{9BD5600F-81C2-46B8-8850-5554EB62FE28} = {477D96D1-54C4-40D8-ABA0-B0D87A710F49}
		{3CA1FACB-7E41-4786-9799-08D69B4D3210} = {9BD5600F-81C2-46B8-8850-5554EB62FE28}
		{C114161B-1C3B-4886-96F2-4C4811E5EFC5} = {3CA1FACB-7E41-4786-9799-08D69B4D3210}
		{4800A5AE-F16C-4F5D-9054-7CEFC9D802EF} = {3CA1FACB-7E41-4786-9799-08D69B4D3210}
		{463FC94B-B7AF-4D5A-AD8C-2976B1AF02E0} = {5846C537-1C68-4FAF-82F0-A755AD00160E}
	EndGlobalSection
	GlobalSection(ExtensibilityGlobals) = postSolution
		SolutionGuid = {F06FACF9-159B-45CE-82E4-58FB0AA62302}
	EndGlobalSection
EndGlobal
